{
  "requires": true,
  "lockfileVersion": 1,
  "dependencies": {
    "wasm-ffi": {
      "version": "0.3.0",
      "resolved": "https://registry.npmjs.org/wasm-ffi/-/wasm-ffi-0.3.0.tgz",
      "integrity": "sha512-IbpRxIGXJSdJ2udiu/cgXTYwVykDQ2PJYBWJmNOxIXVU3q9NXiD8feE7oCB98By5k6ErjMwcXDcT40cX+mgBhw=="
    }
  }
}
